// !$*UTF8*$!
{
	archiveVersion = 1;
	classes = {
	};
	objectVersion = 51;
	objects = {

/* Begin PBXBuildFile section */
		28CBA7B750C9B4F60B96BD64 /* Pods_SolutisTeste.framework in Frameworks */ = {isa = PBXBuildFile; fileRef = 9E688E8DF38C22CC9982EA9A /* Pods_SolutisTeste.framework */; };
		2E278E1926F8EF7000F3A1DF /* Teste da Solutis.postman_collection.json in Resources */ = {isa = PBXBuildFile; fileRef = 2E278E1826F8EF7000F3A1DF /* Teste da Solutis.postman_collection.json */; };
		2EE5EA7A2721A8C5004FCD23 /* CustomNames.swift in Sources */ = {isa = PBXBuildFile; fileRef = 2EE5EA792721A8C5004FCD23 /* CustomNames.swift */; };
		2EE5EA7D2721DE28004FCD23 /* CustomCPFFormatter.swift in Sources */ = {isa = PBXBuildFile; fileRef = 2EE5EA7C2721DE28004FCD23 /* CustomCPFFormatter.swift */; };
		2EE5EA7F272208CD004FCD23 /* CustomNumberModel.swift in Sources */ = {isa = PBXBuildFile; fileRef = 2EE5EA7E272208CD004FCD23 /* CustomNumberModel.swift */; };
		2EEC44EB26F8C4A100C834AE /* AppDelegate.swift in Sources */ = {isa = PBXBuildFile; fileRef = 2EEC44EA26F8C4A100C834AE /* AppDelegate.swift */; };
		2EEC44ED26F8C4A100C834AE /* SceneDelegate.swift in Sources */ = {isa = PBXBuildFile; fileRef = 2EEC44EC26F8C4A100C834AE /* SceneDelegate.swift */; };
		2EEC44EF26F8C4A100C834AE /* HomeViewController.swift in Sources */ = {isa = PBXBuildFile; fileRef = 2EEC44EE26F8C4A100C834AE /* HomeViewController.swift */; };
		2EEC44F226F8C4A100C834AE /* Main.storyboard in Resources */ = {isa = PBXBuildFile; fileRef = 2EEC44F026F8C4A100C834AE /* Main.storyboard */; };
		2EEC44F426F8C4A200C834AE /* Assets.xcassets in Resources */ = {isa = PBXBuildFile; fileRef = 2EEC44F326F8C4A200C834AE /* Assets.xcassets */; };
		2EEC44F726F8C4A200C834AE /* LaunchScreen.storyboard in Resources */ = {isa = PBXBuildFile; fileRef = 2EEC44F526F8C4A200C834AE /* LaunchScreen.storyboard */; };
		BA22BE3E2723363100934993 /* KeyChainModel.swift in Sources */ = {isa = PBXBuildFile; fileRef = BA22BE3D2723363100934993 /* KeyChainModel.swift */; };
		BA34163F271E083A003490CA /* SecondScreenViewController.swift in Sources */ = {isa = PBXBuildFile; fileRef = BA34163E271E083A003490CA /* SecondScreenViewController.swift */; };
		BA341643271E0C54003490CA /* ReusableCellTableViewCell.swift in Sources */ = {isa = PBXBuildFile; fileRef = BA341641271E0C54003490CA /* ReusableCellTableViewCell.swift */; };
		BA341644271E0C54003490CA /* ReusableCellTableViewCell.xib in Resources */ = {isa = PBXBuildFile; fileRef = BA341642271E0C54003490CA /* ReusableCellTableViewCell.xib */; };
		BA341646271E13C1003490CA /* Statement.swift in Sources */ = {isa = PBXBuildFile; fileRef = BA341645271E13C1003490CA /* Statement.swift */; };
		BA341651271F0E6A003490CA /* LoginValidator.swift in Sources */ = {isa = PBXBuildFile; fileRef = BA341650271F0E6A003490CA /* LoginValidator.swift */; };
		BA341653271F0EA5003490CA /* User.swift in Sources */ = {isa = PBXBuildFile; fileRef = BA341652271F0EA5003490CA /* User.swift */; };
		BA8EBA2E271F456B00D41D55 /* ServiceRequest.swift in Sources */ = {isa = PBXBuildFile; fileRef = BA8EBA2D271F456B00D41D55 /* ServiceRequest.swift */; };
		BA8EBA31271F483300D41D55 /* LoginJsonResponse.swift in Sources */ = {isa = PBXBuildFile; fileRef = BA8EBA30271F483300D41D55 /* LoginJsonResponse.swift */; };
		BA8EBA33271F487600D41D55 /* StatementJsonResponse.swift in Sources */ = {isa = PBXBuildFile; fileRef = BA8EBA32271F487600D41D55 /* StatementJsonResponse.swift */; };
/* End PBXBuildFile section */

/* Begin PBXFileReference section */
		2D034FD73D7FAAF2FE29582B /* Pods-SolutisTeste.release.xcconfig */ = {isa = PBXFileReference; includeInIndex = 1; lastKnownFileType = text.xcconfig; name = "Pods-SolutisTeste.release.xcconfig"; path = "Target Support Files/Pods-SolutisTeste/Pods-SolutisTeste.release.xcconfig"; sourceTree = "<group>"; };
		2E278E1826F8EF7000F3A1DF /* Teste da Solutis.postman_collection.json */ = {isa = PBXFileReference; fileEncoding = 4; lastKnownFileType = text.json; name = "Teste da Solutis.postman_collection.json"; path = "../../Teste da Solutis.postman_collection.json"; sourceTree = "<group>"; };
		2EE5EA792721A8C5004FCD23 /* CustomNames.swift */ = {isa = PBXFileReference; lastKnownFileType = sourcecode.swift; path = CustomNames.swift; sourceTree = "<group>"; };
		2EE5EA7C2721DE28004FCD23 /* CustomCPFFormatter.swift */ = {isa = PBXFileReference; lastKnownFileType = sourcecode.swift; path = CustomCPFFormatter.swift; sourceTree = "<group>"; };
		2EE5EA7E272208CD004FCD23 /* CustomNumberModel.swift */ = {isa = PBXFileReference; lastKnownFileType = sourcecode.swift; path = CustomNumberModel.swift; sourceTree = "<group>"; };
		2EEC44E726F8C4A100C834AE /* SolutisTeste.app */ = {isa = PBXFileReference; explicitFileType = wrapper.application; includeInIndex = 0; path = SolutisTeste.app; sourceTree = BUILT_PRODUCTS_DIR; };
		2EEC44EA26F8C4A100C834AE /* AppDelegate.swift */ = {isa = PBXFileReference; lastKnownFileType = sourcecode.swift; path = AppDelegate.swift; sourceTree = "<group>"; };
		2EEC44EC26F8C4A100C834AE /* SceneDelegate.swift */ = {isa = PBXFileReference; lastKnownFileType = sourcecode.swift; path = SceneDelegate.swift; sourceTree = "<group>"; };
		2EEC44EE26F8C4A100C834AE /* HomeViewController.swift */ = {isa = PBXFileReference; lastKnownFileType = sourcecode.swift; path = HomeViewController.swift; sourceTree = "<group>"; };
		2EEC44F126F8C4A100C834AE /* Base */ = {isa = PBXFileReference; lastKnownFileType = file.storyboard; name = Base; path = Base.lproj/Main.storyboard; sourceTree = "<group>"; };
		2EEC44F326F8C4A200C834AE /* Assets.xcassets */ = {isa = PBXFileReference; lastKnownFileType = folder.assetcatalog; path = Assets.xcassets; sourceTree = "<group>"; };
		2EEC44F626F8C4A200C834AE /* Base */ = {isa = PBXFileReference; lastKnownFileType = file.storyboard; name = Base; path = Base.lproj/LaunchScreen.storyboard; sourceTree = "<group>"; };
		2EEC44F826F8C4A200C834AE /* Info.plist */ = {isa = PBXFileReference; lastKnownFileType = text.plist.xml; path = Info.plist; sourceTree = "<group>"; };
		6947006DE039815A47900BB5 /* Pods-SolutisTeste.debug.xcconfig */ = {isa = PBXFileReference; includeInIndex = 1; lastKnownFileType = text.xcconfig; name = "Pods-SolutisTeste.debug.xcconfig"; path = "Target Support Files/Pods-SolutisTeste/Pods-SolutisTeste.debug.xcconfig"; sourceTree = "<group>"; };
		9E688E8DF38C22CC9982EA9A /* Pods_SolutisTeste.framework */ = {isa = PBXFileReference; explicitFileType = wrapper.framework; includeInIndex = 0; path = Pods_SolutisTeste.framework; sourceTree = BUILT_PRODUCTS_DIR; };
		BA22BE3D2723363100934993 /* KeyChainModel.swift */ = {isa = PBXFileReference; lastKnownFileType = sourcecode.swift; path = KeyChainModel.swift; sourceTree = "<group>"; };
		BA34163E271E083A003490CA /* SecondScreenViewController.swift */ = {isa = PBXFileReference; lastKnownFileType = sourcecode.swift; path = SecondScreenViewController.swift; sourceTree = "<group>"; };
		BA341641271E0C54003490CA /* ReusableCellTableViewCell.swift */ = {isa = PBXFileReference; lastKnownFileType = sourcecode.swift; path = ReusableCellTableViewCell.swift; sourceTree = "<group>"; };
		BA341642271E0C54003490CA /* ReusableCellTableViewCell.xib */ = {isa = PBXFileReference; lastKnownFileType = file.xib; path = ReusableCellTableViewCell.xib; sourceTree = "<group>"; };
		BA341645271E13C1003490CA /* Statement.swift */ = {isa = PBXFileReference; lastKnownFileType = sourcecode.swift; path = Statement.swift; sourceTree = "<group>"; };
		BA341650271F0E6A003490CA /* LoginValidator.swift */ = {isa = PBXFileReference; lastKnownFileType = sourcecode.swift; path = LoginValidator.swift; sourceTree = "<group>"; };
		BA341652271F0EA5003490CA /* User.swift */ = {isa = PBXFileReference; lastKnownFileType = sourcecode.swift; path = User.swift; sourceTree = "<group>"; };
		BA8EBA2D271F456B00D41D55 /* ServiceRequest.swift */ = {isa = PBXFileReference; lastKnownFileType = sourcecode.swift; path = ServiceRequest.swift; sourceTree = "<group>"; };
		BA8EBA30271F483300D41D55 /* LoginJsonResponse.swift */ = {isa = PBXFileReference; lastKnownFileType = sourcecode.swift; path = LoginJsonResponse.swift; sourceTree = "<group>"; };
		BA8EBA32271F487600D41D55 /* StatementJsonResponse.swift */ = {isa = PBXFileReference; lastKnownFileType = sourcecode.swift; path = StatementJsonResponse.swift; sourceTree = "<group>"; };
/* End PBXFileReference section */

/* Begin PBXFrameworksBuildPhase section */
		2EEC44E426F8C4A100C834AE /* Frameworks */ = {
			isa = PBXFrameworksBuildPhase;
			buildActionMask = 2147483647;
			files = (
				28CBA7B750C9B4F60B96BD64 /* Pods_SolutisTeste.framework in Frameworks */,
			);
			runOnlyForDeploymentPostprocessing = 0;
		};
/* End PBXFrameworksBuildPhase section */

/* Begin PBXGroup section */
		2EE5EA7B2721A8CA004FCD23 /* Utils */ = {
			isa = PBXGroup;
			children = (
				BA22BE3D2723363100934993 /* KeyChainModel.swift */,
				BA341650271F0E6A003490CA /* LoginValidator.swift */,
				2EE5EA792721A8C5004FCD23 /* CustomNames.swift */,
				2EE5EA7C2721DE28004FCD23 /* CustomCPFFormatter.swift */,
				2EE5EA7E272208CD004FCD23 /* CustomNumberModel.swift */,
			);
			path = Utils;
			sourceTree = "<group>";
		};
		2EEC44DE26F8C4A100C834AE = {
			isa = PBXGroup;
			children = (
				2EEC44E926F8C4A100C834AE /* SolutisTeste */,
				2EEC44E826F8C4A100C834AE /* Products */,
				E32E74F2613BC062672BA17E /* Pods */,
				34B4E76EEC842C36D655512F /* Frameworks */,
			);
			sourceTree = "<group>";
		};
		2EEC44E826F8C4A100C834AE /* Products */ = {
			isa = PBXGroup;
			children = (
				2EEC44E726F8C4A100C834AE /* SolutisTeste.app */,
			);
			name = Products;
			sourceTree = "<group>";
		};
		2EEC44E926F8C4A100C834AE /* SolutisTeste */ = {
			isa = PBXGroup;
			children = (
				2EEC44EA26F8C4A100C834AE /* AppDelegate.swift */,
				2EEC44EC26F8C4A100C834AE /* SceneDelegate.swift */,
				BA341647271E13C6003490CA /* Model */,
				BA341640271E0BF5003490CA /* Controllers */,
				BA34164F271F0DB2003490CA /* View */,
				BA8EBA2F271F457100D41D55 /* Service */,
				2EE5EA7B2721A8CA004FCD23 /* Utils */,
				2EEC44F326F8C4A200C834AE /* Assets.xcassets */,
				2EEC44F826F8C4A200C834AE /* Info.plist */,
				2E278E1826F8EF7000F3A1DF /* Teste da Solutis.postman_collection.json */,
			);
			path = SolutisTeste;
			sourceTree = "<group>";
		};
		34B4E76EEC842C36D655512F /* Frameworks */ = {
			isa = PBXGroup;
			children = (
				9E688E8DF38C22CC9982EA9A /* Pods_SolutisTeste.framework */,
			);
			name = Frameworks;
			sourceTree = "<group>";
		};
		BA341640271E0BF5003490CA /* Controllers */ = {
			isa = PBXGroup;
			children = (
				2EEC44EE26F8C4A100C834AE /* HomeViewController.swift */,
				BA34163E271E083A003490CA /* SecondScreenViewController.swift */,
				BA341641271E0C54003490CA /* ReusableCellTableViewCell.swift */,
			);
			path = Controllers;
			sourceTree = "<group>";
		};
		BA341647271E13C6003490CA /* Model */ = {
			isa = PBXGroup;
			children = (
				BA341645271E13C1003490CA /* Statement.swift */,
				BA341652271F0EA5003490CA /* User.swift */,
				BA8EBA34271F487B00D41D55 /* JSON Models */,
			);
			path = Model;
			sourceTree = "<group>";
		};
		BA34164F271F0DB2003490CA /* View */ = {
			isa = PBXGroup;
			children = (
				2EEC44F026F8C4A100C834AE /* Main.storyboard */,
				BA341642271E0C54003490CA /* ReusableCellTableViewCell.xib */,
				2EEC44F526F8C4A200C834AE /* LaunchScreen.storyboard */,
			);
			path = View;
			sourceTree = "<group>";
		};
		BA8EBA2F271F457100D41D55 /* Service */ = {
			isa = PBXGroup;
			children = (
				BA8EBA2D271F456B00D41D55 /* ServiceRequest.swift */,
			);
			path = Service;
			sourceTree = "<group>";
		};
		BA8EBA34271F487B00D41D55 /* JSON Models */ = {
			isa = PBXGroup;
			children = (
				BA8EBA30271F483300D41D55 /* LoginJsonResponse.swift */,
				BA8EBA32271F487600D41D55 /* StatementJsonResponse.swift */,
			);
			path = "JSON Models";
			sourceTree = "<group>";
		};
		E32E74F2613BC062672BA17E /* Pods */ = {
			isa = PBXGroup;
			children = (
				6947006DE039815A47900BB5 /* Pods-SolutisTeste.debug.xcconfig */,
				2D034FD73D7FAAF2FE29582B /* Pods-SolutisTeste.release.xcconfig */,
			);
			path = Pods;
			sourceTree = "<group>";
		};
/* End PBXGroup section */

/* Begin PBXNativeTarget section */
		2EEC44E626F8C4A100C834AE /* SolutisTeste */ = {
			isa = PBXNativeTarget;
			buildConfigurationList = 2EEC44FB26F8C4A200C834AE /* Build configuration list for PBXNativeTarget "SolutisTeste" */;
			buildPhases = (
				2659D4B30C1C8322FD03278A /* [CP] Check Pods Manifest.lock */,
				2EEC44E326F8C4A100C834AE /* Sources */,
				2EEC44E426F8C4A100C834AE /* Frameworks */,
				2EEC44E526F8C4A100C834AE /* Resources */,
				09ADDD1B0D01298329B9BD9A /* [CP] Embed Pods Frameworks */,
			);
			buildRules = (
			);
			dependencies = (
			);
			name = SolutisTeste;
			productName = SolutisTeste;
			productReference = 2EEC44E726F8C4A100C834AE /* SolutisTeste.app */;
			productType = "com.apple.product-type.application";
		};
/* End PBXNativeTarget section */

/* Begin PBXProject section */
		2EEC44DF26F8C4A100C834AE /* Project object */ = {
			isa = PBXProject;
			attributes = {
				LastSwiftUpdateCheck = 1250;
				LastUpgradeCheck = 1250;
				TargetAttributes = {
					2EEC44E626F8C4A100C834AE = {
						CreatedOnToolsVersion = 12.5.1;
					};
				};
			};
			buildConfigurationList = 2EEC44E226F8C4A100C834AE /* Build configuration list for PBXProject "SolutisTeste" */;
			compatibilityVersion = "Xcode 9.3";
			developmentRegion = en;
			hasScannedForEncodings = 0;
			knownRegions = (
				en,
				Base,
			);
			mainGroup = 2EEC44DE26F8C4A100C834AE;
			productRefGroup = 2EEC44E826F8C4A100C834AE /* Products */;
			projectDirPath = "";
			projectRoot = "";
			targets = (
				2EEC44E626F8C4A100C834AE /* SolutisTeste */,
			);
		};
/* End PBXProject section */

/* Begin PBXResourcesBuildPhase section */
		2EEC44E526F8C4A100C834AE /* Resources */ = {
			isa = PBXResourcesBuildPhase;
			buildActionMask = 2147483647;
			files = (
				BA341644271E0C54003490CA /* ReusableCellTableViewCell.xib in Resources */,
				2E278E1926F8EF7000F3A1DF /* Teste da Solutis.postman_collection.json in Resources */,
				2EEC44F726F8C4A200C834AE /* LaunchScreen.storyboard in Resources */,
				2EEC44F426F8C4A200C834AE /* Assets.xcassets in Resources */,
				2EEC44F226F8C4A100C834AE /* Main.storyboard in Resources */,
			);
			runOnlyForDeploymentPostprocessing = 0;
		};
/* End PBXResourcesBuildPhase section */

/* Begin PBXShellScriptBuildPhase section */
		09ADDD1B0D01298329B9BD9A /* [CP] Embed Pods Frameworks */ = {
			isa = PBXShellScriptBuildPhase;
			buildActionMask = 2147483647;
			files = (
			);
			inputFileListPaths = (
				"${PODS_ROOT}/Target Support Files/Pods-SolutisTeste/Pods-SolutisTeste-frameworks-${CONFIGURATION}-input-files.xcfilelist",
			);
			name = "[CP] Embed Pods Frameworks";
			outputFileListPaths = (
				"${PODS_ROOT}/Target Support Files/Pods-SolutisTeste/Pods-SolutisTeste-frameworks-${CONFIGURATION}-output-files.xcfilelist",
			);
			runOnlyForDeploymentPostprocessing = 0;
			shellPath = /bin/sh;
			shellScript = "\"${PODS_ROOT}/Target Support Files/Pods-SolutisTeste/Pods-SolutisTeste-frameworks.sh\"\n";
			showEnvVarsInLog = 0;
		};
		2659D4B30C1C8322FD03278A /* [CP] Check Pods Manifest.lock */ = {
			isa = PBXShellScriptBuildPhase;
			buildActionMask = 2147483647;
			files = (
			);
			inputFileListPaths = (
			);
			inputPaths = (
				"${PODS_PODFILE_DIR_PATH}/Podfile.lock",
				"${PODS_ROOT}/Manifest.lock",
			);
			name = "[CP] Check Pods Manifest.lock";
			outputFileListPaths = (
			);
			outputPaths = (
				"$(DERIVED_FILE_DIR)/Pods-SolutisTeste-checkManifestLockResult.txt",
			);
			runOnlyForDeploymentPostprocessing = 0;
			shellPath = /bin/sh;
			shellScript = "diff \"${PODS_PODFILE_DIR_PATH}/Podfile.lock\" \"${PODS_ROOT}/Manifest.lock\" > /dev/null\nif [ $? != 0 ] ; then\n    # print error to STDERR\n    echo \"error: The sandbox is not in sync with the Podfile.lock. Run 'pod install' or update your CocoaPods installation.\" >&2\n    exit 1\nfi\n# This output is used by Xcode 'outputs' to avoid re-running this script phase.\necho \"SUCCESS\" > \"${SCRIPT_OUTPUT_FILE_0}\"\n";
			showEnvVarsInLog = 0;
		};
/* End PBXShellScriptBuildPhase section */

/* Begin PBXSourcesBuildPhase section */
		2EEC44E326F8C4A100C834AE /* Sources */ = {
			isa = PBXSourcesBuildPhase;
			buildActionMask = 2147483647;
			files = (
				BA34163F271E083A003490CA /* SecondScreenViewController.swift in Sources */,
				2EEC44EF26F8C4A100C834AE /* HomeViewController.swift in Sources */,
				BA8EBA31271F483300D41D55 /* LoginJsonResponse.swift in Sources */,
				BA22BE3E2723363100934993 /* KeyChainModel.swift in Sources */,
				2EEC44EB26F8C4A100C834AE /* AppDelegate.swift in Sources */,
				2EE5EA7D2721DE28004FCD23 /* CustomCPFFormatter.swift in Sources */,
				BA341646271E13C1003490CA /* Statement.swift in Sources */,
				BA341653271F0EA5003490CA /* User.swift in Sources */,
				2EE5EA7F272208CD004FCD23 /* CustomNumberModel.swift in Sources */,
				BA8EBA33271F487600D41D55 /* StatementJsonResponse.swift in Sources */,
				BA8EBA2E271F456B00D41D55 /* ServiceRequest.swift in Sources */,
				2EEC44ED26F8C4A100C834AE /* SceneDelegate.swift in Sources */,
				BA341651271F0E6A003490CA /* LoginValidator.swift in Sources */,
				BA341643271E0C54003490CA /* ReusableCellTableViewCell.swift in Sources */,
				2EE5EA7A2721A8C5004FCD23 /* CustomNames.swift in Sources */,
			);
			runOnlyForDeploymentPostprocessing = 0;
		};
/* End PBXSourcesBuildPhase section */

/* Begin PBXVariantGroup section */
		2EEC44F026F8C4A100C834AE /* Main.storyboard */ = {
			isa = PBXVariantGroup;
			children = (
				2EEC44F126F8C4A100C834AE /* Base */,
			);
			name = Main.storyboard;
			sourceTree = "<group>";
		};
		2EEC44F526F8C4A200C834AE /* LaunchScreen.storyboard */ = {
			isa = PBXVariantGroup;
			children = (
				2EEC44F626F8C4A200C834AE /* Base */,
			);
			name = LaunchScreen.storyboard;
			sourceTree = "<group>";
		};
/* End PBXVariantGroup section */

/* Begin XCBuildConfiguration section */
		2EEC44F926F8C4A200C834AE /* Debug */ = {
			isa = XCBuildConfiguration;
			buildSettings = {
				ALWAYS_SEARCH_USER_PATHS = NO;
				CLANG_ANALYZER_NONNULL = YES;
				CLANG_ANALYZER_NUMBER_OBJECT_CONVERSION = YES_AGGRESSIVE;
				CLANG_CXX_LANGUAGE_STANDARD = "gnu++14";
				CLANG_CXX_LIBRARY = "libc++";
				CLANG_ENABLE_MODULES = YES;
				CLANG_ENABLE_OBJC_ARC = YES;
				CLANG_ENABLE_OBJC_WEAK = YES;
				CLANG_WARN_BLOCK_CAPTURE_AUTORELEASING = YES;
				CLANG_WARN_BOOL_CONVERSION = YES;
				CLANG_WARN_COMMA = YES;
				CLANG_WARN_CONSTANT_CONVERSION = YES;
				CLANG_WARN_DEPRECATED_OBJC_IMPLEMENTATIONS = YES;
				CLANG_WARN_DIRECT_OBJC_ISA_USAGE = YES_ERROR;
				CLANG_WARN_DOCUMENTATION_COMMENTS = YES;
				CLANG_WARN_EMPTY_BODY = YES;
				CLANG_WARN_ENUM_CONVERSION = YES;
				CLANG_WARN_INFINITE_RECURSION = YES;
				CLANG_WARN_INT_CONVERSION = YES;
				CLANG_WARN_NON_LITERAL_NULL_CONVERSION = YES;
				CLANG_WARN_OBJC_IMPLICIT_RETAIN_SELF = YES;
				CLANG_WARN_OBJC_LITERAL_CONVERSION = YES;
				CLANG_WARN_OBJC_ROOT_CLASS = YES_ERROR;
				CLANG_WARN_QUOTED_INCLUDE_IN_FRAMEWORK_HEADER = YES;
				CLANG_WARN_RANGE_LOOP_ANALYSIS = YES;
				CLANG_WARN_STRICT_PROTOTYPES = YES;
				CLANG_WARN_SUSPICIOUS_MOVE = YES;
				CLANG_WARN_UNGUARDED_AVAILABILITY = YES_AGGRESSIVE;
				CLANG_WARN_UNREACHABLE_CODE = YES;
				CLANG_WARN__DUPLICATE_METHOD_MATCH = YES;
				COPY_PHASE_STRIP = NO;
				DEBUG_INFORMATION_FORMAT = dwarf;
				ENABLE_STRICT_OBJC_MSGSEND = YES;
				ENABLE_TESTABILITY = YES;
				GCC_C_LANGUAGE_STANDARD = gnu11;
				GCC_DYNAMIC_NO_PIC = NO;
				GCC_NO_COMMON_BLOCKS = YES;
				GCC_OPTIMIZATION_LEVEL = 0;
				GCC_PREPROCESSOR_DEFINITIONS = (
					"DEBUG=1",
					"$(inherited)",
				);
				GCC_WARN_64_TO_32_BIT_CONVERSION = YES;
				GCC_WARN_ABOUT_RETURN_TYPE = YES_ERROR;
				GCC_WARN_UNDECLARED_SELECTOR = YES;
				GCC_WARN_UNINITIALIZED_AUTOS = YES_AGGRESSIVE;
				GCC_WARN_UNUSED_FUNCTION = YES;
				GCC_WARN_UNUSED_VARIABLE = YES;
				IPHONEOS_DEPLOYMENT_TARGET = 14.5;
				MTL_ENABLE_DEBUG_INFO = INCLUDE_SOURCE;
				MTL_FAST_MATH = YES;
				ONLY_ACTIVE_ARCH = YES;
				SDKROOT = iphoneos;
				SWIFT_ACTIVE_COMPILATION_CONDITIONS = DEBUG;
				SWIFT_OPTIMIZATION_LEVEL = "-Onone";
			};
			name = Debug;
		};
		2EEC44FA26F8C4A200C834AE /* Release */ = {
			isa = XCBuildConfiguration;
			buildSettings = {
				ALWAYS_SEARCH_USER_PATHS = NO;
				CLANG_ANALYZER_NONNULL = YES;
				CLANG_ANALYZER_NUMBER_OBJECT_CONVERSION = YES_AGGRESSIVE;
				CLANG_CXX_LANGUAGE_STANDARD = "gnu++14";
				CLANG_CXX_LIBRARY = "libc++";
				CLANG_ENABLE_MODULES = YES;
				CLANG_ENABLE_OBJC_ARC = YES;
				CLANG_ENABLE_OBJC_WEAK = YES;
				CLANG_WARN_BLOCK_CAPTURE_AUTORELEASING = YES;
				CLANG_WARN_BOOL_CONVERSION = YES;
				CLANG_WARN_COMMA = YES;
				CLANG_WARN_CONSTANT_CONVERSION = YES;
				CLANG_WARN_DEPRECATED_OBJC_IMPLEMENTATIONS = YES;
				CLANG_WARN_DIRECT_OBJC_ISA_USAGE = YES_ERROR;
				CLANG_WARN_DOCUMENTATION_COMMENTS = YES;
				CLANG_WARN_EMPTY_BODY = YES;
				CLANG_WARN_ENUM_CONVERSION = YES;
				CLANG_WARN_INFINITE_RECURSION = YES;
				CLANG_WARN_INT_CONVERSION = YES;
				CLANG_WARN_NON_LITERAL_NULL_CONVERSION = YES;
				CLANG_WARN_OBJC_IMPLICIT_RETAIN_SELF = YES;
				CLANG_WARN_OBJC_LITERAL_CONVERSION = YES;
				CLANG_WARN_OBJC_ROOT_CLASS = YES_ERROR;
				CLANG_WARN_QUOTED_INCLUDE_IN_FRAMEWORK_HEADER = YES;
				CLANG_WARN_RANGE_LOOP_ANALYSIS = YES;
				CLANG_WARN_STRICT_PROTOTYPES = YES;
				CLANG_WARN_SUSPICIOUS_MOVE = YES;
				CLANG_WARN_UNGUARDED_AVAILABILITY = YES_AGGRESSIVE;
				CLANG_WARN_UNREACHABLE_CODE = YES;
				CLANG_WARN__DUPLICATE_METHOD_MATCH = YES;
				COPY_PHASE_STRIP = NO;
				DEBUG_INFORMATION_FORMAT = "dwarf-with-dsym";
				ENABLE_NS_ASSERTIONS = NO;
				ENABLE_STRICT_OBJC_MSGSEND = YES;
				GCC_C_LANGUAGE_STANDARD = gnu11;
				GCC_NO_COMMON_BLOCKS = YES;
				GCC_WARN_64_TO_32_BIT_CONVERSION = YES;
				GCC_WARN_ABOUT_RETURN_TYPE = YES_ERROR;
				GCC_WARN_UNDECLARED_SELECTOR = YES;
				GCC_WARN_UNINITIALIZED_AUTOS = YES_AGGRESSIVE;
				GCC_WARN_UNUSED_FUNCTION = YES;
				GCC_WARN_UNUSED_VARIABLE = YES;
				IPHONEOS_DEPLOYMENT_TARGET = 14.5;
				MTL_ENABLE_DEBUG_INFO = NO;
				MTL_FAST_MATH = YES;
				SDKROOT = iphoneos;
				SWIFT_COMPILATION_MODE = wholemodule;
				SWIFT_OPTIMIZATION_LEVEL = "-O";
				VALIDATE_PRODUCT = YES;
			};
			name = Release;
		};
		2EEC44FC26F8C4A200C834AE /* Debug */ = {
			isa = XCBuildConfiguration;
			baseConfigurationReference = 6947006DE039815A47900BB5 /* Pods-SolutisTeste.debug.xcconfig */;
			buildSettings = {
				ASSETCATALOG_COMPILER_APPICON_NAME = AppIcon;
				ASSETCATALOG_COMPILER_GLOBAL_ACCENT_COLOR_NAME = AccentColor;
				CODE_SIGN_STYLE = Automatic;
				DEVELOPMENT_TEAM = T65VFPBJU3;
				INFOPLIST_FILE = SolutisTeste/Info.plist;
				IPHONEOS_DEPLOYMENT_TARGET = 14.0;
				LD_RUNPATH_SEARCH_PATHS = (
					"$(inherited)",
					"@executable_path/Frameworks",
				);
				PRODUCT_BUNDLE_IDENTIFIER = solutis.SolutisTeste;
				PRODUCT_NAME = "$(TARGET_NAME)";
				SWIFT_VERSION = 5.0;
				TARGETED_DEVICE_FAMILY = "1,2";
			};
			name = Debug;
		};
		2EEC44FD26F8C4A200C834AE /* Release */ = {
			isa = XCBuildConfiguration;
			baseConfigurationReference = 2D034FD73D7FAAF2FE29582B /* Pods-SolutisTeste.release.xcconfig */;
			buildSettings = {
				ASSETCATALOG_COMPILER_APPICON_NAME = AppIcon;
				ASSETCATALOG_COMPILER_GLOBAL_ACCENT_COLOR_NAME = AccentColor;
				CODE_SIGN_STYLE = Automatic;
				DEVELOPMENT_TEAM = T65VFPBJU3;
				INFOPLIST_FILE = SolutisTeste/Info.plist;
				IPHONEOS_DEPLOYMENT_TARGET = 14.0;
				LD_RUNPATH_SEARCH_PATHS = (
					"$(inherited)",
					"@executable_path/Frameworks",
				);
				PRODUCT_BUNDLE_IDENTIFIER = solutis.SolutisTeste;
				PRODUCT_NAME = "$(TARGET_NAME)";
				SWIFT_VERSION = 5.0;
				TARGETED_DEVICE_FAMILY = "1,2";
			};
			name = Release;
		};
/* End XCBuildConfiguration section */

/* Begin XCConfigurationList section */
		2EEC44E226F8C4A100C834AE /* Build configuration list for PBXProject "SolutisTeste" */ = {
			isa = XCConfigurationList;
			buildConfigurations = (
				2EEC44F926F8C4A200C834AE /* Debug */,
				2EEC44FA26F8C4A200C834AE /* Release */,
			);
			defaultConfigurationIsVisible = 0;
			defaultConfigurationName = Release;
		};
		2EEC44FB26F8C4A200C834AE /* Build configuration list for PBXNativeTarget "SolutisTeste" */ = {
			isa = XCConfigurationList;
			buildConfigurations = (
				2EEC44FC26F8C4A200C834AE /* Debug */,
				2EEC44FD26F8C4A200C834AE /* Release */,
			);
			defaultConfigurationIsVisible = 0;
			defaultConfigurationName = Release;
		};
/* End XCConfigurationList section */
	};
	rootObject = 2EEC44DF26F8C4A100C834AE /* Project object */;
}
